
Microsoft Visual Studio Solution File, Format Version 12.00
# Visual Studio Version 17
VisualStudioVersion = 17.9.34728.123
MinimumVisualStudioVersion = 10.0.40219.1
Project("{8BC9CEB8-8B4A-11D0-8D11-00A0C91BC942}") = "PostLiveClient", "PostLiveClient\PostLiveClient.vcxproj", "{4FCEFE78-6F46-4530-B39E-E9A8CD423712}"
EndProject
Global
	GlobalSection(SolutionConfigurationPlatforms) = preSolution
		Debug|x64 = Debug|x64
		Debug|x86 = Debug|x86
		Release|x64 = Release|x64
		Release|x86 = Release|x86
	EndGlobalSection
	GlobalSection(ProjectConfigurationPlatforms) = postSolution
		{4FCEFE78-6F46-4530-B39E-E9A8CD423712}.Debug|x64.ActiveCfg = Debug|x64
		{4FCEFE78-6F46-4530-B39E-E9A8CD423712}.Debug|x64.Build.0 = Debug|x64
		{4FCEFE78-6F46-4530-B39E-E9A8CD423712}.Debug|x86.ActiveCfg = Debug|x64
		{4FCEFE78-6F46-4530-B39E-E9A8CD423712}.Debug|x86.Build.0 = Debug|x64
		{4FCEFE78-6F46-4530-B39E-E9A8CD423712}.Release|x64.ActiveCfg = Release|x64
		{4FCEFE78-6F46-4530-B39E-E9A8CD423712}.Release|x64.Build.0 = Release|x64
		{4FCEFE78-6F46-4530-B39E-E9A8CD423712}.Release|x86.ActiveCfg = Release|x64
		{4FCEFE78-6F46-4530-B39E-E9A8CD423712}.Release|x86.Build.0 = Release|x64
	EndGlobalSection
	GlobalSection(SolutionProperties) = preSolution
		HideSolutionNode = FALSE
	EndGlobalSection
	GlobalSection(ExtensibilityGlobals) = postSolution
		SolutionGuid = {CEB4BA77-435A-4334-8D1C-DD54F6E49452}
	EndGlobalSection
EndGlobal
